
Microsoft Visual Studio Solution File, Format Version 12.00
# Visual Studio Version 16
VisualStudioVersion = 16.0.29102.190
MinimumVisualStudioVersion = 10.0.40219.1
Project("{FAE04EC0-301F-11D3-BF4B-00C04F79EFBC}") = "CondoBiometry", "CondoBiometry\CondoBiometry.csproj", "{3894A393-A4BC-418E-9919-6EDF766649F4}"
EndProject
Project("{FAE04EC0-301F-11D3-BF4B-00C04F79EFBC}") = "Gpio_library", "Giop_library\Gpio_library.csproj", "{3435A172-CDC1-4008-9687-138E8EC435C2}"
EndProject
Global
	GlobalSection(SolutionConfigurationPlatforms) = preSolution
		Debug|Any CPU = Debug|Any CPU
		Release|Any CPU = Release|Any CPU
	EndGlobalSection
	GlobalSection(ProjectConfigurationPlatforms) = postSolution
		{3894A393-A4BC-418E-9919-6EDF766649F4}.Debug|Any CPU.ActiveCfg = Debug|Any CPU
		{3894A393-A4BC-418E-9919-6EDF766649F4}.Debug|Any CPU.Build.0 = Debug|Any CPU
		{3894A393-A4BC-418E-9919-6EDF766649F4}.Release|Any CPU.ActiveCfg = Release|Any CPU
		{3894A393-A4BC-418E-9919-6EDF766649F4}.Release|Any CPU.Build.0 = Release|Any CPU
		{3435A172-CDC1-4008-9687-138E8EC435C2}.Debug|Any CPU.ActiveCfg = Debug|Any CPU
		{3435A172-CDC1-4008-9687-138E8EC435C2}.Debug|Any CPU.Build.0 = Debug|Any CPU
		{3435A172-CDC1-4008-9687-138E8EC435C2}.Release|Any CPU.ActiveCfg = Release|Any CPU
		{3435A172-CDC1-4008-9687-138E8EC435C2}.Release|Any CPU.Build.0 = Release|Any CPU
	EndGlobalSection
	GlobalSection(SolutionProperties) = preSolution
		HideSolutionNode = FALSE
	EndGlobalSection
	GlobalSection(ExtensibilityGlobals) = postSolution
		SolutionGuid = {85142A10-D3C8-46C7-B92F-04FFBCB22FA9}
	EndGlobalSection
EndGlobal
